
Microsoft Visual Studio Solution File, Format Version 12.00
# Visual Studio Version 17
VisualStudioVersion = 17.9.34728.123
MinimumVisualStudioVersion = 10.0.40219.1
Project("{FAE04EC0-301F-11D3-BF4B-00C04F79EFBC}") = "GS", "GS.csproj", "{C3F6ED88-A03E-4AEF-ADAA-F2B2EE650644}"
EndProject
Global
	GlobalSection(SolutionConfigurationPlatforms) = preSolution
		Debug|Any CPU = Debug|Any CPU
		Release|Any CPU = Release|Any CPU
	EndGlobalSection
	GlobalSection(ProjectConfigurationPlatforms) = postSolution
		{C3F6ED88-A03E-4AEF-ADAA-F2B2EE650644}.Debug|Any CPU.ActiveCfg = Debug|Any CPU
		{C3F6ED88-A03E-4AEF-ADAA-F2B2EE650644}.Debug|Any CPU.Build.0 = Debug|Any CPU
		{C3F6ED88-A03E-4AEF-ADAA-F2B2EE650644}.Release|Any CPU.ActiveCfg = Release|Any CPU
		{C3F6ED88-A03E-4AEF-ADAA-F2B2EE650644}.Release|Any CPU.Build.0 = Release|Any CPU
	EndGlobalSection
	GlobalSection(SolutionProperties) = preSolution
		HideSolutionNode = FALSE
	EndGlobalSection
	GlobalSection(ExtensibilityGlobals) = postSolution
		SolutionGuid = {34AC47ED-AC80-4358-8684-6AC58019732D}
	EndGlobalSection
EndGlobal
